
Microsoft Visual Studio Solution File, Format Version 12.00
# Visual Studio 15
VisualStudioVersion = 15.0.28010.2036
MinimumVisualStudioVersion = 10.0.40219.1
Project("{FAE04EC0-301F-11D3-BF4B-00C04F79EFBC}") = "StackCustomForceRender.Android", "StackCustomForceRender\StackCustomForceRender.Android\StackCustomForceRender.Android.csproj", "{558E7E44-A3A7-48F7-AF4A-0212C0C817F6}"
EndProject
Project("{FAE04EC0-301F-11D3-BF4B-00C04F79EFBC}") = "StackCustomForceRender", "StackCustomForceRender\StackCustomForceRender\StackCustomForceRender.csproj", "{3D2AB712-794E-4779-9EF4-F2B4B4896915}"
EndProject
Global
	GlobalSection(SolutionConfigurationPlatforms) = preSolution
		Debug|Any CPU = Debug|Any CPU
		Release|Any CPU = Release|Any CPU
	EndGlobalSection
	GlobalSection(ProjectConfigurationPlatforms) = postSolution
		{558E7E44-A3A7-48F7-AF4A-0212C0C817F6}.Debug|Any CPU.ActiveCfg = Debug|Any CPU
		{558E7E44-A3A7-48F7-AF4A-0212C0C817F6}.Debug|Any CPU.Build.0 = Debug|Any CPU
		{558E7E44-A3A7-48F7-AF4A-0212C0C817F6}.Debug|Any CPU.Deploy.0 = Debug|Any CPU
		{558E7E44-A3A7-48F7-AF4A-0212C0C817F6}.Release|Any CPU.ActiveCfg = Release|Any CPU
		{558E7E44-A3A7-48F7-AF4A-0212C0C817F6}.Release|Any CPU.Build.0 = Release|Any CPU
		{558E7E44-A3A7-48F7-AF4A-0212C0C817F6}.Release|Any CPU.Deploy.0 = Release|Any CPU
		{3D2AB712-794E-4779-9EF4-F2B4B4896915}.Debug|Any CPU.ActiveCfg = Debug|Any CPU
		{3D2AB712-794E-4779-9EF4-F2B4B4896915}.Debug|Any CPU.Build.0 = Debug|Any CPU
		{3D2AB712-794E-4779-9EF4-F2B4B4896915}.Debug|Any CPU.Deploy.0 = Debug|Any CPU
		{3D2AB712-794E-4779-9EF4-F2B4B4896915}.Release|Any CPU.ActiveCfg = Release|Any CPU
		{3D2AB712-794E-4779-9EF4-F2B4B4896915}.Release|Any CPU.Build.0 = Release|Any CPU
		{3D2AB712-794E-4779-9EF4-F2B4B4896915}.Release|Any CPU.Deploy.0 = Release|Any CPU
	EndGlobalSection
	GlobalSection(SolutionProperties) = preSolution
		HideSolutionNode = FALSE
	EndGlobalSection
	GlobalSection(ExtensibilityGlobals) = postSolution
		SolutionGuid = {D71CD9BB-C991-4596-91FC-9246CB2E6491}
	EndGlobalSection
EndGlobal
